
Microsoft Visual Studio Solution File, Format Version 12.00
# Visual Studio Version 16
VisualStudioVersion = 16.0.30611.23
MinimumVisualStudioVersion = 10.0.40219.1
Project("{FAE04EC0-301F-11D3-BF4B-00C04F79EFBC}") = "TeamProject", "TeamProject\TeamProject.csproj", "{D9BEFF18-9626-4F9D-8F15-E1E8C43E3D2E}"
EndProject
Global
	GlobalSection(SolutionConfigurationPlatforms) = preSolution
		Debug|Any CPU = Debug|Any CPU
		Release|Any CPU = Release|Any CPU
	EndGlobalSection
	GlobalSection(ProjectConfigurationPlatforms) = postSolution
		{D9BEFF18-9626-4F9D-8F15-E1E8C43E3D2E}.Debug|Any CPU.ActiveCfg = Debug|Any CPU
		{D9BEFF18-9626-4F9D-8F15-E1E8C43E3D2E}.Debug|Any CPU.Build.0 = Debug|Any CPU
		{D9BEFF18-9626-4F9D-8F15-E1E8C43E3D2E}.Release|Any CPU.ActiveCfg = Release|Any CPU
		{D9BEFF18-9626-4F9D-8F15-E1E8C43E3D2E}.Release|Any CPU.Build.0 = Release|Any CPU
	EndGlobalSection
	GlobalSection(SolutionProperties) = preSolution
		HideSolutionNode = FALSE
	EndGlobalSection
	GlobalSection(ExtensibilityGlobals) = postSolution
		SolutionGuid = {C5C3665C-D347-4E1C-AF2A-4956D0A43702}
	EndGlobalSection
EndGlobal
